
Microsoft Visual Studio Solution File, Format Version 12.00
# Visual Studio 15
VisualStudioVersion = 15.0.27130.2026
MinimumVisualStudioVersion = 10.0.40219.1
Project("{8BC9CEB8-8B4A-11D0-8D11-00A0C91BC942}") = "큐 연산", "큐 연산\큐 연산.vcxproj", "{50372AF0-E25B-4548-B189-510C6974730C}"
EndProject
Global
	GlobalSection(SolutionConfigurationPlatforms) = preSolution
		Debug|x64 = Debug|x64
		Debug|x86 = Debug|x86
		Release|x64 = Release|x64
		Release|x86 = Release|x86
	EndGlobalSection
	GlobalSection(ProjectConfigurationPlatforms) = postSolution
		{50372AF0-E25B-4548-B189-510C6974730C}.Debug|x64.ActiveCfg = Debug|x64
		{50372AF0-E25B-4548-B189-510C6974730C}.Debug|x64.Build.0 = Debug|x64
		{50372AF0-E25B-4548-B189-510C6974730C}.Debug|x86.ActiveCfg = Debug|Win32
		{50372AF0-E25B-4548-B189-510C6974730C}.Debug|x86.Build.0 = Debug|Win32
		{50372AF0-E25B-4548-B189-510C6974730C}.Release|x64.ActiveCfg = Release|x64
		{50372AF0-E25B-4548-B189-510C6974730C}.Release|x64.Build.0 = Release|x64
		{50372AF0-E25B-4548-B189-510C6974730C}.Release|x86.ActiveCfg = Release|Win32
		{50372AF0-E25B-4548-B189-510C6974730C}.Release|x86.Build.0 = Release|Win32
	EndGlobalSection
	GlobalSection(SolutionProperties) = preSolution
		HideSolutionNode = FALSE
	EndGlobalSection
	GlobalSection(ExtensibilityGlobals) = postSolution
		SolutionGuid = {226825A8-BE7E-483F-A002-F54CEE640C57}
	EndGlobalSection
EndGlobal
